
Microsoft Visual Studio Solution File, Format Version 12.00
# Visual Studio Version 17
VisualStudioVersion = 17.9.34723.18
MinimumVisualStudioVersion = 10.0.40219.1
Project("{FAE04EC0-301F-11D3-BF4B-00C04F79EFBC}") = "MyWebAPI", "MyWebAPI\MyWebAPI.csproj", "{78CB3C60-8DC5-4993-9E67-0BED59CB6061}"
EndProject
Global
	GlobalSection(SolutionConfigurationPlatforms) = preSolution
		Debug|Any CPU = Debug|Any CPU
		Release|Any CPU = Release|Any CPU
	EndGlobalSection
	GlobalSection(ProjectConfigurationPlatforms) = postSolution
		{78CB3C60-8DC5-4993-9E67-0BED59CB6061}.Debug|Any CPU.ActiveCfg = Debug|Any CPU
		{78CB3C60-8DC5-4993-9E67-0BED59CB6061}.Debug|Any CPU.Build.0 = Debug|Any CPU
		{78CB3C60-8DC5-4993-9E67-0BED59CB6061}.Release|Any CPU.ActiveCfg = Release|Any CPU
		{78CB3C60-8DC5-4993-9E67-0BED59CB6061}.Release|Any CPU.Build.0 = Release|Any CPU
	EndGlobalSection
	GlobalSection(SolutionProperties) = preSolution
		HideSolutionNode = FALSE
	EndGlobalSection
	GlobalSection(ExtensibilityGlobals) = postSolution
		SolutionGuid = {E0825ACB-CFE0-4D15-B58E-C00910516C60}
	EndGlobalSection
EndGlobal
